
Microsoft Visual Studio Solution File, Format Version 12.00
# Visual Studio Version 17
VisualStudioVersion = 17.14.36401.2 d17.14
MinimumVisualStudioVersion = 10.0.40219.1
Project("{FAE04EC0-301F-11D3-BF4B-00C04F79EFBC}") = "Part2", "Part2\Part2.csproj", "{6E5FBBCF-CA49-4333-9359-0650E23A2492}"
EndProject
Global
	GlobalSection(SolutionConfigurationPlatforms) = preSolution
		Debug|Any CPU = Debug|Any CPU
		Release|Any CPU = Release|Any CPU
	EndGlobalSection
	GlobalSection(ProjectConfigurationPlatforms) = postSolution
		{6E5FBBCF-CA49-4333-9359-0650E23A2492}.Debug|Any CPU.ActiveCfg = Debug|Any CPU
		{6E5FBBCF-CA49-4333-9359-0650E23A2492}.Debug|Any CPU.Build.0 = Debug|Any CPU
		{6E5FBBCF-CA49-4333-9359-0650E23A2492}.Release|Any CPU.ActiveCfg = Release|Any CPU
		{6E5FBBCF-CA49-4333-9359-0650E23A2492}.Release|Any CPU.Build.0 = Release|Any CPU
	EndGlobalSection
	GlobalSection(SolutionProperties) = preSolution
		HideSolutionNode = FALSE
	EndGlobalSection
	GlobalSection(ExtensibilityGlobals) = postSolution
		SolutionGuid = {C87B407E-18C8-471F-8431-E46FDBF28FB9}
	EndGlobalSection
EndGlobal
